# This file is automatically @generated by Cargo.
# It is not intended for manual editing.
version = 4

[[package]]
name = "wardline-core"
version = "0.1.0"

[[package]]
name = "wardline-guards"
version = "0.1.0"

[[package]]
name = "wardline-http"
version = "0.1.0"

[[package]]
name = "wardline-llm"
version = "0.1.0"
